
Microsoft Visual Studio Solution File, Format Version 12.00
# Visual Studio 15
VisualStudioVersion = 15.0.26730.3
MinimumVisualStudioVersion = 10.0.40219.1
Project("{FAE04EC0-301F-11D3-BF4B-00C04F79EFBC}") = "Gighub1", "Gighub1\Gighub1.csproj", "{1A56CDED-F329-4715-96CC-7F157DF805B8}"
EndProject
Global
	GlobalSection(SolutionConfigurationPlatforms) = preSolution
		Debug|Any CPU = Debug|Any CPU
		Release|Any CPU = Release|Any CPU
	EndGlobalSection
	GlobalSection(ProjectConfigurationPlatforms) = postSolution
		{1A56CDED-F329-4715-96CC-7F157DF805B8}.Debug|Any CPU.ActiveCfg = Debug|Any CPU
		{1A56CDED-F329-4715-96CC-7F157DF805B8}.Debug|Any CPU.Build.0 = Debug|Any CPU
		{1A56CDED-F329-4715-96CC-7F157DF805B8}.Release|Any CPU.ActiveCfg = Release|Any CPU
		{1A56CDED-F329-4715-96CC-7F157DF805B8}.Release|Any CPU.Build.0 = Release|Any CPU
	EndGlobalSection
	GlobalSection(SolutionProperties) = preSolution
		HideSolutionNode = FALSE
	EndGlobalSection
	GlobalSection(ExtensibilityGlobals) = postSolution
		SolutionGuid = {E54D234A-D7C3-4C47-BFEE-F5582900A2D4}
	EndGlobalSection
	GlobalSection(TeamFoundationVersionControl) = preSolution
		SccNumberOfProjects = 2
		SccEnterpriseProvider = {4CA58AB2-18FA-4F8D-95D4-32DDF27D184C}
		SccTeamFoundationServer = https://akshaymittal.visualstudio.com/
		SccLocalPath0 = .
		SccProjectUniqueName1 = Gighub1\\Gighub1.csproj
		SccProjectName1 = Gighub1
		SccLocalPath1 = Gighub1
	EndGlobalSection
EndGlobal
